
Microsoft Visual Studio Solution File, Format Version 10.00
# Visual Studio 2008
Project("{FAE04EC0-301F-11D3-BF4B-00C04F79EFBC}") = "Inventory", "Inventory\Inventory.csproj", "{CFC76F91-8FF1-4A00-9C64-EB768B2613D2}"
EndProject
Project("{2150E333-8FDC-42A3-9474-1A3956D46DE8}") = "NewFolder1", "NewFolder1", "{C84C3EB8-D423-43C2-BDD1-CD085583DB9C}"
EndProject
Global
	GlobalSection(SolutionConfigurationPlatforms) = preSolution
		Debug|Any CPU = Debug|Any CPU
		Release|Any CPU = Release|Any CPU
	EndGlobalSection
	GlobalSection(ProjectConfigurationPlatforms) = postSolution
		{CFC76F91-8FF1-4A00-9C64-EB768B2613D2}.Debug|Any CPU.ActiveCfg = Debug|Any CPU
		{CFC76F91-8FF1-4A00-9C64-EB768B2613D2}.Debug|Any CPU.Build.0 = Debug|Any CPU
		{CFC76F91-8FF1-4A00-9C64-EB768B2613D2}.Release|Any CPU.ActiveCfg = Release|Any CPU
		{CFC76F91-8FF1-4A00-9C64-EB768B2613D2}.Release|Any CPU.Build.0 = Release|Any CPU
	EndGlobalSection
	GlobalSection(SolutionProperties) = preSolution
		HideSolutionNode = FALSE
	EndGlobalSection
EndGlobal
